// !$*UTF8*$!
{
	archiveVersion = 1;
	classes = {
	};
	objectVersion = 48;
	objects = {

/* Begin PBXBuildFile section */
		17D4E7141FFD9F3200BC38E4 /* AppDelegate.swift in Sources */ = {isa = PBXBuildFile; fileRef = 17D4E7131FFD9F3200BC38E4 /* AppDelegate.swift */; };
		17D4E7161FFD9F3200BC38E4 /* ViewController.swift in Sources */ = {isa = PBXBuildFile; fileRef = 17D4E7151FFD9F3200BC38E4 /* ViewController.swift */; };
		17D4E7191FFD9F3200BC38E4 /* Main.storyboard in Resources */ = {isa = PBXBuildFile; fileRef = 17D4E7171FFD9F3200BC38E4 /* Main.storyboard */; };
		17D4E71B1FFD9F3200BC38E4 /* Assets.xcassets in Resources */ = {isa = PBXBuildFile; fileRef = 17D4E71A1FFD9F3200BC38E4 /* Assets.xcassets */; };
		17D4E71E1FFD9F3200BC38E4 /* LaunchScreen.storyboard in Resources */ = {isa = PBXBuildFile; fileRef = 17D4E71C1FFD9F3200BC38E4 /* LaunchScreen.storyboard */; };
		17D4E7291FFD9F3200BC38E4 /* Astro_TorchTests.swift in Sources */ = {isa = PBXBuildFile; fileRef = 17D4E7281FFD9F3200BC38E4 /* Astro_TorchTests.swift */; };
		17D4E7341FFD9F3200BC38E4 /* Astro_TorchUITests.swift in Sources */ = {isa = PBXBuildFile; fileRef = 17D4E7331FFD9F3200BC38E4 /* Astro_TorchUITests.swift */; };
/* End PBXBuildFile section */

/* Begin PBXContainerItemProxy section */
		17D4E7251FFD9F3200BC38E4 /* PBXContainerItemProxy */ = {
			isa = PBXContainerItemProxy;
			containerPortal = 17D4E7081FFD9F3100BC38E4 /* Project object */;
			proxyType = 1;
			remoteGlobalIDString = 17D4E70F1FFD9F3100BC38E4;
			remoteInfo = "Astro Torch";
		};
		17D4E7301FFD9F3200BC38E4 /* PBXContainerItemProxy */ = {
			isa = PBXContainerItemProxy;
			containerPortal = 17D4E7081FFD9F3100BC38E4 /* Project object */;
			proxyType = 1;
			remoteGlobalIDString = 17D4E70F1FFD9F3100BC38E4;
			remoteInfo = "Astro Torch";
		};
/* End PBXContainerItemProxy section */

/* Begin PBXFileReference section */
		17D4E7101FFD9F3200BC38E4 /* Astro Torch.app */ = {isa = PBXFileReference; explicitFileType = wrapper.application; includeInIndex = 0; path = "Astro Torch.app"; sourceTree = BUILT_PRODUCTS_DIR; };
		17D4E7131FFD9F3200BC38E4 /* AppDelegate.swift */ = {isa = PBXFileReference; lastKnownFileType = sourcecode.swift; path = AppDelegate.swift; sourceTree = "<group>"; };
		17D4E7151FFD9F3200BC38E4 /* ViewController.swift */ = {isa = PBXFileReference; lastKnownFileType = sourcecode.swift; path = ViewController.swift; sourceTree = "<group>"; };
		17D4E7181FFD9F3200BC38E4 /* Base */ = {isa = PBXFileReference; lastKnownFileType = file.storyboard; name = Base; path = Base.lproj/Main.storyboard; sourceTree = "<group>"; };
		17D4E71A1FFD9F3200BC38E4 /* Assets.xcassets */ = {isa = PBXFileReference; lastKnownFileType = folder.assetcatalog; path = Assets.xcassets; sourceTree = "<group>"; };
		17D4E71D1FFD9F3200BC38E4 /* Base */ = {isa = PBXFileReference; lastKnownFileType = file.storyboard; name = Base; path = Base.lproj/LaunchScreen.storyboard; sourceTree = "<group>"; };
		17D4E71F1FFD9F3200BC38E4 /* Info.plist */ = {isa = PBXFileReference; lastKnownFileType = text.plist.xml; path = Info.plist; sourceTree = "<group>"; };
		17D4E7241FFD9F3200BC38E4 /* Astro TorchTests.xctest */ = {isa = PBXFileReference; explicitFileType = wrapper.cfbundle; includeInIndex = 0; path = "Astro TorchTests.xctest"; sourceTree = BUILT_PRODUCTS_DIR; };
		17D4E7281FFD9F3200BC38E4 /* Astro_TorchTests.swift */ = {isa = PBXFileReference; lastKnownFileType = sourcecode.swift; path = Astro_TorchTests.swift; sourceTree = "<group>"; };
		17D4E72A1FFD9F3200BC38E4 /* Info.plist */ = {isa = PBXFileReference; lastKnownFileType = text.plist.xml; path = Info.plist; sourceTree = "<group>"; };
		17D4E72F1FFD9F3200BC38E4 /* Astro TorchUITests.xctest */ = {isa = PBXFileReference; explicitFileType = wrapper.cfbundle; includeInIndex = 0; path = "Astro TorchUITests.xctest"; sourceTree = BUILT_PRODUCTS_DIR; };
		17D4E7331FFD9F3200BC38E4 /* Astro_TorchUITests.swift */ = {isa = PBXFileReference; lastKnownFileType = sourcecode.swift; path = Astro_TorchUITests.swift; sourceTree = "<group>"; };
		17D4E7351FFD9F3200BC38E4 /* Info.plist */ = {isa = PBXFileReference; lastKnownFileType = text.plist.xml; path = Info.plist; sourceTree = "<group>"; };
/* End PBXFileReference section */

/* Begin PBXFrameworksBuildPhase section */
		17D4E70D1FFD9F3100BC38E4 /* Frameworks */ = {
			isa = PBXFrameworksBuildPhase;
			buildActionMask = 2147483647;
			files = (
			);
			runOnlyForDeploymentPostprocessing = 0;
		};
		17D4E7211FFD9F3200BC38E4 /* Frameworks */ = {
			isa = PBXFrameworksBuildPhase;
			buildActionMask = 2147483647;
			files = (
			);
			runOnlyForDeploymentPostprocessing = 0;
		};
		17D4E72C1FFD9F3200BC38E4 /* Frameworks */ = {
			isa = PBXFrameworksBuildPhase;
			buildActionMask = 2147483647;
			files = (
			);
			runOnlyForDeploymentPostprocessing = 0;
		};
/* End PBXFrameworksBuildPhase section */

/* Begin PBXGroup section */
		17D4E7071FFD9F3100BC38E4 = {
			isa = PBXGroup;
			children = (
				17D4E7121FFD9F3200BC38E4 /* Astro Torch */,
				17D4E7271FFD9F3200BC38E4 /* Astro TorchTests */,
				17D4E7321FFD9F3200BC38E4 /* Astro TorchUITests */,
				17D4E7111FFD9F3200BC38E4 /* Products */,
			);
			sourceTree = "<group>";
		};
		17D4E7111FFD9F3200BC38E4 /* Products */ = {
			isa = PBXGroup;
			children = (
				17D4E7101FFD9F3200BC38E4 /* Astro Torch.app */,
				17D4E7241FFD9F3200BC38E4 /* Astro TorchTests.xctest */,
				17D4E72F1FFD9F3200BC38E4 /* Astro TorchUITests.xctest */,
			);
			name = Products;
			sourceTree = "<group>";
		};
		17D4E7121FFD9F3200BC38E4 /* Astro Torch */ = {
			isa = PBXGroup;
			children = (
				17D4E7131FFD9F3200BC38E4 /* AppDelegate.swift */,
				17D4E7151FFD9F3200BC38E4 /* ViewController.swift */,
				17D4E7171FFD9F3200BC38E4 /* Main.storyboard */,
				17D4E71A1FFD9F3200BC38E4 /* Assets.xcassets */,
				17D4E71C1FFD9F3200BC38E4 /* LaunchScreen.storyboard */,
				17D4E71F1FFD9F3200BC38E4 /* Info.plist */,
			);
			path = "Astro Torch";
			sourceTree = "<group>";
		};
		17D4E7271FFD9F3200BC38E4 /* Astro TorchTests */ = {
			isa = PBXGroup;
			children = (
				17D4E7281FFD9F3200BC38E4 /* Astro_TorchTests.swift */,
				17D4E72A1FFD9F3200BC38E4 /* Info.plist */,
			);
			path = "Astro TorchTests";
			sourceTree = "<group>";
		};
		17D4E7321FFD9F3200BC38E4 /* Astro TorchUITests */ = {
			isa = PBXGroup;
			children = (
				17D4E7331FFD9F3200BC38E4 /* Astro_TorchUITests.swift */,
				17D4E7351FFD9F3200BC38E4 /* Info.plist */,
			);
			path = "Astro TorchUITests";
			sourceTree = "<group>";
		};
/* End PBXGroup section */

/* Begin PBXNativeTarget section */
		17D4E70F1FFD9F3100BC38E4 /* Astro Torch */ = {
			isa = PBXNativeTarget;
			buildConfigurationList = 17D4E7381FFD9F3200BC38E4 /* Build configuration list for PBXNativeTarget "Astro Torch" */;
			buildPhases = (
				17D4E70C1FFD9F3100BC38E4 /* Sources */,
				17D4E70D1FFD9F3100BC38E4 /* Frameworks */,
				17D4E70E1FFD9F3100BC38E4 /* Resources */,
			);
			buildRules = (
			);
			dependencies = (
			);
			name = "Astro Torch";
			productName = "Astro Torch";
			productReference = 17D4E7101FFD9F3200BC38E4 /* Astro Torch.app */;
			productType = "com.apple.product-type.application";
		};
		17D4E7231FFD9F3200BC38E4 /* Astro TorchTests */ = {
			isa = PBXNativeTarget;
			buildConfigurationList = 17D4E73B1FFD9F3200BC38E4 /* Build configuration list for PBXNativeTarget "Astro TorchTests" */;
			buildPhases = (
				17D4E7201FFD9F3200BC38E4 /* Sources */,
				17D4E7211FFD9F3200BC38E4 /* Frameworks */,
				17D4E7221FFD9F3200BC38E4 /* Resources */,
			);
			buildRules = (
			);
			dependencies = (
				17D4E7261FFD9F3200BC38E4 /* PBXTargetDependency */,
			);
			name = "Astro TorchTests";
			productName = "Astro TorchTests";
			productReference = 17D4E7241FFD9F3200BC38E4 /* Astro TorchTests.xctest */;
			productType = "com.apple.product-type.bundle.unit-test";
		};
		17D4E72E1FFD9F3200BC38E4 /* Astro TorchUITests */ = {
			isa = PBXNativeTarget;
			buildConfigurationList = 17D4E73E1FFD9F3200BC38E4 /* Build configuration list for PBXNativeTarget "Astro TorchUITests" */;
			buildPhases = (
				17D4E72B1FFD9F3200BC38E4 /* Sources */,
				17D4E72C1FFD9F3200BC38E4 /* Frameworks */,
				17D4E72D1FFD9F3200BC38E4 /* Resources */,
			);
			buildRules = (
			);
			dependencies = (
				17D4E7311FFD9F3200BC38E4 /* PBXTargetDependency */,
			);
			name = "Astro TorchUITests";
			productName = "Astro TorchUITests";
			productReference = 17D4E72F1FFD9F3200BC38E4 /* Astro TorchUITests.xctest */;
			productType = "com.apple.product-type.bundle.ui-testing";
		};
/* End PBXNativeTarget section */

/* Begin PBXProject section */
		17D4E7081FFD9F3100BC38E4 /* Project object */ = {
			isa = PBXProject;
			attributes = {
				LastSwiftUpdateCheck = 0920;
				LastUpgradeCheck = 0920;
				ORGANIZATIONNAME = "Justin Doan";
				TargetAttributes = {
					17D4E70F1FFD9F3100BC38E4 = {
						CreatedOnToolsVersion = 9.2;
						ProvisioningStyle = Automatic;
					};
					17D4E7231FFD9F3200BC38E4 = {
						CreatedOnToolsVersion = 9.2;
						ProvisioningStyle = Automatic;
						TestTargetID = 17D4E70F1FFD9F3100BC38E4;
					};
					17D4E72E1FFD9F3200BC38E4 = {
						CreatedOnToolsVersion = 9.2;
						ProvisioningStyle = Automatic;
						TestTargetID = 17D4E70F1FFD9F3100BC38E4;
					};
				};
			};
			buildConfigurationList = 17D4E70B1FFD9F3100BC38E4 /* Build configuration list for PBXProject "Astro Torch" */;
			compatibilityVersion = "Xcode 8.0";
			developmentRegion = en;
			hasScannedForEncodings = 0;
			knownRegions = (
				en,
				Base,
			);
			mainGroup = 17D4E7071FFD9F3100BC38E4;
			productRefGroup = 17D4E7111FFD9F3200BC38E4 /* Products */;
			projectDirPath = "";
			projectRoot = "";
			targets = (
				17D4E70F1FFD9F3100BC38E4 /* Astro Torch */,
				17D4E7231FFD9F3200BC38E4 /* Astro TorchTests */,
				17D4E72E1FFD9F3200BC38E4 /* Astro TorchUITests */,
			);
		};
/* End PBXProject section */

/* Begin PBXResourcesBuildPhase section */
		17D4E70E1FFD9F3100BC38E4 /* Resources */ = {
			isa = PBXResourcesBuildPhase;
			buildActionMask = 2147483647;
			files = (
				17D4E71E1FFD9F3200BC38E4 /* LaunchScreen.storyboard in Resources */,
				17D4E71B1FFD9F3200BC38E4 /* Assets.xcassets in Resources */,
				17D4E7191FFD9F3200BC38E4 /* Main.storyboard in Resources */,
			);
			runOnlyForDeploymentPostprocessing = 0;
		};
		17D4E7221FFD9F3200BC38E4 /* Resources */ = {
			isa = PBXResourcesBuildPhase;
			buildActionMask = 2147483647;
			files = (
			);
			runOnlyForDeploymentPostprocessing = 0;
		};
		17D4E72D1FFD9F3200BC38E4 /* Resources */ = {
			isa = PBXResourcesBuildPhase;
			buildActionMask = 2147483647;
			files = (
			);
			runOnlyForDeploymentPostprocessing = 0;
		};
/* End PBXResourcesBuildPhase section */

/* Begin PBXSourcesBuildPhase section */
		17D4E70C1FFD9F3100BC38E4 /* Sources */ = {
			isa = PBXSourcesBuildPhase;
			buildActionMask = 2147483647;
			files = (
				17D4E7161FFD9F3200BC38E4 /* ViewController.swift in Sources */,
				17D4E7141FFD9F3200BC38E4 /* AppDelegate.swift in Sources */,
			);
			runOnlyForDeploymentPostprocessing = 0;
		};
		17D4E7201FFD9F3200BC38E4 /* Sources */ = {
			isa = PBXSourcesBuildPhase;
			buildActionMask = 2147483647;
			files = (
				17D4E7291FFD9F3200BC38E4 /* Astro_TorchTests.swift in Sources */,
			);
			runOnlyForDeploymentPostprocessing = 0;
		};
		17D4E72B1FFD9F3200BC38E4 /* Sources */ = {
			isa = PBXSourcesBuildPhase;
			buildActionMask = 2147483647;
			files = (
				17D4E7341FFD9F3200BC38E4 /* Astro_TorchUITests.swift in Sources */,
			);
			runOnlyForDeploymentPostprocessing = 0;
		};
/* End PBXSourcesBuildPhase section */

/* Begin PBXTargetDependency section */
		17D4E7261FFD9F3200BC38E4 /* PBXTargetDependency */ = {
			isa = PBXTargetDependency;
			target = 17D4E70F1FFD9F3100BC38E4 /* Astro Torch */;
			targetProxy = 17D4E7251FFD9F3200BC38E4 /* PBXContainerItemProxy */;
		};
		17D4E7311FFD9F3200BC38E4 /* PBXTargetDependency */ = {
			isa = PBXTargetDependency;
			target = 17D4E70F1FFD9F3100BC38E4 /* Astro Torch */;
			targetProxy = 17D4E7301FFD9F3200BC38E4 /* PBXContainerItemProxy */;
		};
/* End PBXTargetDependency section */

/* Begin PBXVariantGroup section */
		17D4E7171FFD9F3200BC38E4 /* Main.storyboard */ = {
			isa = PBXVariantGroup;
			children = (
				17D4E7181FFD9F3200BC38E4 /* Base */,
			);
			name = Main.storyboard;
			sourceTree = "<group>";
		};
		17D4E71C1FFD9F3200BC38E4 /* LaunchScreen.storyboard */ = {
			isa = PBXVariantGroup;
			children = (
				17D4E71D1FFD9F3200BC38E4 /* Base */,
			);
			name = LaunchScreen.storyboard;
			sourceTree = "<group>";
		};
/* End PBXVariantGroup section */

/* Begin XCBuildConfiguration section */
		17D4E7361FFD9F3200BC38E4 /* Debug */ = {
			isa = XCBuildConfiguration;
			buildSettings = {
				ALWAYS_SEARCH_USER_PATHS = NO;
				CLANG_ANALYZER_NONNULL = YES;
				CLANG_ANALYZER_NUMBER_OBJECT_CONVERSION = YES_AGGRESSIVE;
				CLANG_CXX_LANGUAGE_STANDARD = "gnu++14";
				CLANG_CXX_LIBRARY = "libc++";
				CLANG_ENABLE_MODULES = YES;
				CLANG_ENABLE_OBJC_ARC = YES;
				CLANG_WARN_BLOCK_CAPTURE_AUTORELEASING = YES;
				CLANG_WARN_BOOL_CONVERSION = YES;
				CLANG_WARN_COMMA = YES;
				CLANG_WARN_CONSTANT_CONVERSION = YES;
				CLANG_WARN_DIRECT_OBJC_ISA_USAGE = YES_ERROR;
				CLANG_WARN_DOCUMENTATION_COMMENTS = YES;
				CLANG_WARN_EMPTY_BODY = YES;
				CLANG_WARN_ENUM_CONVERSION = YES;
				CLANG_WARN_INFINITE_RECURSION = YES;
				CLANG_WARN_INT_CONVERSION = YES;
				CLANG_WARN_NON_LITERAL_NULL_CONVERSION = YES;
				CLANG_WARN_OBJC_LITERAL_CONVERSION = YES;
				CLANG_WARN_OBJC_ROOT_CLASS = YES_ERROR;
				CLANG_WARN_RANGE_LOOP_ANALYSIS = YES;
				CLANG_WARN_STRICT_PROTOTYPES = YES;
				CLANG_WARN_SUSPICIOUS_MOVE = YES;
				CLANG_WARN_UNGUARDED_AVAILABILITY = YES_AGGRESSIVE;
				CLANG_WARN_UNREACHABLE_CODE = YES;
				CLANG_WARN__DUPLICATE_METHOD_MATCH = YES;
				CODE_SIGN_IDENTITY = "iPhone Developer";
				COPY_PHASE_STRIP = NO;
				DEBUG_INFORMATION_FORMAT = dwarf;
				ENABLE_STRICT_OBJC_MSGSEND = YES;
				ENABLE_TESTABILITY = YES;
				GCC_C_LANGUAGE_STANDARD = gnu11;
				GCC_DYNAMIC_NO_PIC = NO;
				GCC_NO_COMMON_BLOCKS = YES;
				GCC_OPTIMIZATION_LEVEL = 0;
				GCC_PREPROCESSOR_DEFINITIONS = (
					"DEBUG=1",
					"$(inherited)",
				);
				GCC_WARN_64_TO_32_BIT_CONVERSION = YES;
				GCC_WARN_ABOUT_RETURN_TYPE = YES_ERROR;
				GCC_WARN_UNDECLARED_SELECTOR = YES;
				GCC_WARN_UNINITIALIZED_AUTOS = YES_AGGRESSIVE;
				GCC_WARN_UNUSED_FUNCTION = YES;
				GCC_WARN_UNUSED_VARIABLE = YES;
				IPHONEOS_DEPLOYMENT_TARGET = 11.2;
				MTL_ENABLE_DEBUG_INFO = YES;
				ONLY_ACTIVE_ARCH = YES;
				SDKROOT = iphoneos;
				SWIFT_ACTIVE_COMPILATION_CONDITIONS = DEBUG;
				SWIFT_OPTIMIZATION_LEVEL = "-Onone";
			};
			name = Debug;
		};
		17D4E7371FFD9F3200BC38E4 /* Release */ = {
			isa = XCBuildConfiguration;
			buildSettings = {
				ALWAYS_SEARCH_USER_PATHS = NO;
				CLANG_ANALYZER_NONNULL = YES;
				CLANG_ANALYZER_NUMBER_OBJECT_CONVERSION = YES_AGGRESSIVE;
				CLANG_CXX_LANGUAGE_STANDARD = "gnu++14";
				CLANG_CXX_LIBRARY = "libc++";
				CLANG_ENABLE_MODULES = YES;
				CLANG_ENABLE_OBJC_ARC = YES;
				CLANG_WARN_BLOCK_CAPTURE_AUTORELEASING = YES;
				CLANG_WARN_BOOL_CONVERSION = YES;
				CLANG_WARN_COMMA = YES;
				CLANG_WARN_CONSTANT_CONVERSION = YES;
				CLANG_WARN_DIRECT_OBJC_ISA_USAGE = YES_ERROR;
				CLANG_WARN_DOCUMENTATION_COMMENTS = YES;
				CLANG_WARN_EMPTY_BODY = YES;
				CLANG_WARN_ENUM_CONVERSION = YES;
				CLANG_WARN_INFINITE_RECURSION = YES;
				CLANG_WARN_INT_CONVERSION = YES;
				CLANG_WARN_NON_LITERAL_NULL_CONVERSION = YES;
				CLANG_WARN_OBJC_LITERAL_CONVERSION = YES;
				CLANG_WARN_OBJC_ROOT_CLASS = YES_ERROR;
				CLANG_WARN_RANGE_LOOP_ANALYSIS = YES;
				CLANG_WARN_STRICT_PROTOTYPES = YES;
				CLANG_WARN_SUSPICIOUS_MOVE = YES;
				CLANG_WARN_UNGUARDED_AVAILABILITY = YES_AGGRESSIVE;
				CLANG_WARN_UNREACHABLE_CODE = YES;
				CLANG_WARN__DUPLICATE_METHOD_MATCH = YES;
				CODE_SIGN_IDENTITY = "iPhone Developer";
				COPY_PHASE_STRIP = NO;
				DEBUG_INFORMATION_FORMAT = "dwarf-with-dsym";
				ENABLE_NS_ASSERTIONS = NO;
				ENABLE_STRICT_OBJC_MSGSEND = YES;
				GCC_C_LANGUAGE_STANDARD = gnu11;
				GCC_NO_COMMON_BLOCKS = YES;
				GCC_WARN_64_TO_32_BIT_CONVERSION = YES;
				GCC_WARN_ABOUT_RETURN_TYPE = YES_ERROR;
				GCC_WARN_UNDECLARED_SELECTOR = YES;
				GCC_WARN_UNINITIALIZED_AUTOS = YES_AGGRESSIVE;
				GCC_WARN_UNUSED_FUNCTION = YES;
				GCC_WARN_UNUSED_VARIABLE = YES;
				IPHONEOS_DEPLOYMENT_TARGET = 11.2;
				MTL_ENABLE_DEBUG_INFO = NO;
				SDKROOT = iphoneos;
				SWIFT_OPTIMIZATION_LEVEL = "-Owholemodule";
				VALIDATE_PRODUCT = YES;
			};
			name = Release;
		};
		17D4E7391FFD9F3200BC38E4 /* Debug */ = {
			isa = XCBuildConfiguration;
			buildSettings = {
				ASSETCATALOG_COMPILER_APPICON_NAME = AppIcon;
				CODE_SIGN_STYLE = Automatic;
				INFOPLIST_FILE = "Astro Torch/Info.plist";
				LD_RUNPATH_SEARCH_PATHS = "$(inherited) @executable_path/Frameworks";
				PRODUCT_BUNDLE_IDENTIFIER = "justindoan.Astro-Torch";
				PRODUCT_NAME = "$(TARGET_NAME)";
				SWIFT_VERSION = 4.0;
				TARGETED_DEVICE_FAMILY = "1,2";
			};
			name = Debug;
		};
		17D4E73A1FFD9F3200BC38E4 /* Release */ = {
			isa = XCBuildConfiguration;
			buildSettings = {
				ASSETCATALOG_COMPILER_APPICON_NAME = AppIcon;
				CODE_SIGN_STYLE = Automatic;
				INFOPLIST_FILE = "Astro Torch/Info.plist";
				LD_RUNPATH_SEARCH_PATHS = "$(inherited) @executable_path/Frameworks";
				PRODUCT_BUNDLE_IDENTIFIER = "justindoan.Astro-Torch";
				PRODUCT_NAME = "$(TARGET_NAME)";
				SWIFT_VERSION = 4.0;
				TARGETED_DEVICE_FAMILY = "1,2";
			};
			name = Release;
		};
		17D4E73C1FFD9F3200BC38E4 /* Debug */ = {
			isa = XCBuildConfiguration;
			buildSettings = {
				ALWAYS_EMBED_SWIFT_STANDARD_LIBRARIES = YES;
				BUNDLE_LOADER = "$(TEST_HOST)";
				CODE_SIGN_STYLE = Automatic;
				INFOPLIST_FILE = "Astro TorchTests/Info.plist";
				LD_RUNPATH_SEARCH_PATHS = "$(inherited) @executable_path/Frameworks @loader_path/Frameworks";
				PRODUCT_BUNDLE_IDENTIFIER = "justindoan.Astro-TorchTests";
				PRODUCT_NAME = "$(TARGET_NAME)";
				SWIFT_VERSION = 4.0;
				TARGETED_DEVICE_FAMILY = "1,2";
				TEST_HOST = "$(BUILT_PRODUCTS_DIR)/Astro Torch.app/Astro Torch";
			};
			name = Debug;
		};
		17D4E73D1FFD9F3200BC38E4 /* Release */ = {
			isa = XCBuildConfiguration;
			buildSettings = {
				ALWAYS_EMBED_SWIFT_STANDARD_LIBRARIES = YES;
				BUNDLE_LOADER = "$(TEST_HOST)";
				CODE_SIGN_STYLE = Automatic;
				INFOPLIST_FILE = "Astro TorchTests/Info.plist";
				LD_RUNPATH_SEARCH_PATHS = "$(inherited) @executable_path/Frameworks @loader_path/Frameworks";
				PRODUCT_BUNDLE_IDENTIFIER = "justindoan.Astro-TorchTests";
				PRODUCT_NAME = "$(TARGET_NAME)";
				SWIFT_VERSION = 4.0;
				TARGETED_DEVICE_FAMILY = "1,2";
				TEST_HOST = "$(BUILT_PRODUCTS_DIR)/Astro Torch.app/Astro Torch";
			};
			name = Release;
		};
		17D4E73F1FFD9F3200BC38E4 /* Debug */ = {
			isa = XCBuildConfiguration;
			buildSettings = {
				ALWAYS_EMBED_SWIFT_STANDARD_LIBRARIES = YES;
				CODE_SIGN_STYLE = Automatic;
				INFOPLIST_FILE = "Astro TorchUITests/Info.plist";
				LD_RUNPATH_SEARCH_PATHS = "$(inherited) @executable_path/Frameworks @loader_path/Frameworks";
				PRODUCT_BUNDLE_IDENTIFIER = "justindoan.Astro-TorchUITests";
				PRODUCT_NAME = "$(TARGET_NAME)";
				SWIFT_VERSION = 4.0;
				TARGETED_DEVICE_FAMILY = "1,2";
				TEST_TARGET_NAME = "Astro Torch";
			};
			name = Debug;
		};
		17D4E7401FFD9F3200BC38E4 /* Release */ = {
			isa = XCBuildConfiguration;
			buildSettings = {
				ALWAYS_EMBED_SWIFT_STANDARD_LIBRARIES = YES;
				CODE_SIGN_STYLE = Automatic;
				INFOPLIST_FILE = "Astro TorchUITests/Info.plist";
				LD_RUNPATH_SEARCH_PATHS = "$(inherited) @executable_path/Frameworks @loader_path/Frameworks";
				PRODUCT_BUNDLE_IDENTIFIER = "justindoan.Astro-TorchUITests";
				PRODUCT_NAME = "$(TARGET_NAME)";
				SWIFT_VERSION = 4.0;
				TARGETED_DEVICE_FAMILY = "1,2";
				TEST_TARGET_NAME = "Astro Torch";
			};
			name = Release;
		};
/* End XCBuildConfiguration section */

/* Begin XCConfigurationList section */
		17D4E70B1FFD9F3100BC38E4 /* Build configuration list for PBXProject "Astro Torch" */ = {
			isa = XCConfigurationList;
			buildConfigurations = (
				17D4E7361FFD9F3200BC38E4 /* Debug */,
				17D4E7371FFD9F3200BC38E4 /* Release */,
			);
			defaultConfigurationIsVisible = 0;
			defaultConfigurationName = Release;
		};
		17D4E7381FFD9F3200BC38E4 /* Build configuration list for PBXNativeTarget "Astro Torch" */ = {
			isa = XCConfigurationList;
			buildConfigurations = (
				17D4E7391FFD9F3200BC38E4 /* Debug */,
				17D4E73A1FFD9F3200BC38E4 /* Release */,
			);
			defaultConfigurationIsVisible = 0;
			defaultConfigurationName = Release;
		};
		17D4E73B1FFD9F3200BC38E4 /* Build configuration list for PBXNativeTarget "Astro TorchTests" */ = {
			isa = XCConfigurationList;
			buildConfigurations = (
				17D4E73C1FFD9F3200BC38E4 /* Debug */,
				17D4E73D1FFD9F3200BC38E4 /* Release */,
			);
			defaultConfigurationIsVisible = 0;
			defaultConfigurationName = Release;
		};
		17D4E73E1FFD9F3200BC38E4 /* Build configuration list for PBXNativeTarget "Astro TorchUITests" */ = {
			isa = XCConfigurationList;
			buildConfigurations = (
				17D4E73F1FFD9F3200BC38E4 /* Debug */,
				17D4E7401FFD9F3200BC38E4 /* Release */,
			);
			defaultConfigurationIsVisible = 0;
			defaultConfigurationName = Release;
		};
/* End XCConfigurationList section */
	};
	rootObject = 17D4E7081FFD9F3100BC38E4 /* Project object */;
}
